hash: 0e0069ce69a4e3bde6233726f21a880347400808a97c2e6f7a173e4d7daea51c
updated: 2018-09-07T10:20:50.211694+02:00
imports:
- name: github.com/Sirupsen/logrus
  version: 3791101e143bf0f32515ac23e831475684f61229
- name: golang.org/x/crypto
  version: efb430e751f2f00d8d9aedb254fc14ef76954880
  repo: https://github.com/ProtonMail/crypto.git
  subpackages:
  - bitcurves
  - brainpool
  - cast5
  - curve25519
  - ed25519
  - ed25519/internal/edwards25519
  - internal/randutil
  - internal/syscall/unix
  - openpgp
  - openpgp/aes/keywrap
  - openpgp/armor
  - openpgp/clearsign
  - openpgp/ecdh
  - openpgp/elgamal
  - openpgp/errors
  - openpgp/internal/algorithm
  - openpgp/internal/ecc
  - openpgp/internal/encoding
  - openpgp/packet
  - openpgp/s2k
  - rand
  - rsa
  - ssh/terminal
- name: golang.org/x/sys
  subpackages:
  - unix
  - windows
- name: golang.org/x/text
  version: 4ae1256249243a4eb350a9a372e126557f2aa346
  subpackages:
  - encoding
  - encoding/charmap
  - encoding/internal
  - encoding/internal/identifier
  - transform
- name: github.com/ProtonMail/go-pm-mime
  version: dc270ae56b61837aa404c828a14b8ea731167ac0
  repo: https://gitlab.protontech.ch/ProtonMail/go-pm-mime.git
testImports:
  - name: github.com/davecgh/go-spew
    version: d8f796af33cc11cb798c1aaeb27a4ebc5099927d
    subpackages:
    - spew
  - name: github.com/pmezard/go-difflib
    version: 5d4384ee4fb2527b0a1256a821ebfc92f91efefc
    subpackages:
    - difflib
  - name: github.com/stretchr/testify
    version: 34c6fa2dc70986bccbbffcc6130f6920a924b075
    subpackages:
    - assert
